// !$*UTF8*$!
{
	archiveVersion = 1;
	classes = {
	};
	objectVersion = 46;
	objects = {

/* Begin PBXBuildFile section */
		391F2ECCB6295AC63000B3A2 /* Pods_RewardMe.framework in Frameworks */ = {isa = PBXBuildFile; fileRef = 47131A61CCEE255FF9DD6E2A /* Pods_RewardMe.framework */; };
		FB1EB6651DE3FAA300D80AF4 /* Organization.swift in Sources */ = {isa = PBXBuildFile; fileRef = FB1EB6641DE3FAA300D80AF4 /* Organization.swift */; };
		FB1EE2651DDE8D9000C9D3B5 /* Main.storyboard in Resources */ = {isa = PBXBuildFile; fileRef = FB1EE2631DDE8D9000C9D3B5 /* Main.storyboard */; };
		FB26D0AA1DDA81FC00C355ED /* ForgotPasswordViewController.swift in Sources */ = {isa = PBXBuildFile; fileRef = FB26D0A91DDA81FC00C355ED /* ForgotPasswordViewController.swift */; };
		FB7993DE1DCA776B00F93450 /* LoginViewController.swift in Sources */ = {isa = PBXBuildFile; fileRef = FB7993DD1DCA776B00F93450 /* LoginViewController.swift */; };
		FB7993E01DCA7DBF00F93450 /* SignupViewController.swift in Sources */ = {isa = PBXBuildFile; fileRef = FB7993DF1DCA7DBF00F93450 /* SignupViewController.swift */; };
		FB7F3EF41DE521A10071AE14 /* DetallesViewController.swift in Sources */ = {isa = PBXBuildFile; fileRef = FB7F3EF31DE521A10071AE14 /* DetallesViewController.swift */; };
		FB80D2F91DE3BED500A21357 /* AgregaRecompensaViewController.swift in Sources */ = {isa = PBXBuildFile; fileRef = FB80D2F81DE3BED400A21357 /* AgregaRecompensaViewController.swift */; };
		FBA0D9761DCBFD1A000F395F /* AppViewController.swift in Sources */ = {isa = PBXBuildFile; fileRef = FBA0D9751DCBFD1A000F395F /* AppViewController.swift */; };
		FBAD8E701DCA6CDA00021B8A /* AppDelegate.swift in Sources */ = {isa = PBXBuildFile; fileRef = FBAD8E6F1DCA6CDA00021B8A /* AppDelegate.swift */; };
		FBAD8E721DCA6CDA00021B8A /* ViewController.swift in Sources */ = {isa = PBXBuildFile; fileRef = FBAD8E711DCA6CDA00021B8A /* ViewController.swift */; };
		FBAD8E771DCA6CDA00021B8A /* Assets.xcassets in Resources */ = {isa = PBXBuildFile; fileRef = FBAD8E761DCA6CDA00021B8A /* Assets.xcassets */; };
		FBAD8E7A1DCA6CDA00021B8A /* LaunchScreen.storyboard in Resources */ = {isa = PBXBuildFile; fileRef = FBAD8E781DCA6CDA00021B8A /* LaunchScreen.storyboard */; };
		FBAD8E821DCA6E9700021B8A /* GoogleService-Info.plist in Resources */ = {isa = PBXBuildFile; fileRef = FBAD8E811DCA6E9700021B8A /* GoogleService-Info.plist */; };
		FBCF85E61DCBADFF00A47138 /* SettingsViewController.swift in Sources */ = {isa = PBXBuildFile; fileRef = FBCF85E51DCBADFF00A47138 /* SettingsViewController.swift */; };
		FBCF85E81DCBCD6100A47138 /* AgregaONGViewController.swift in Sources */ = {isa = PBXBuildFile; fileRef = FBCF85E71DCBCD6100A47138 /* AgregaONGViewController.swift */; };
/* End PBXBuildFile section */

/* Begin PBXFileReference section */
		0390E7DBFC7D7570E3A332CC /* Pods-RewardMe.release.xcconfig */ = {isa = PBXFileReference; includeInIndex = 1; lastKnownFileType = text.xcconfig; name = "Pods-RewardMe.release.xcconfig"; path = "Pods/Target Support Files/Pods-RewardMe/Pods-RewardMe.release.xcconfig"; sourceTree = "<group>"; };
		47131A61CCEE255FF9DD6E2A /* Pods_RewardMe.framework */ = {isa = PBXFileReference; explicitFileType = wrapper.framework; includeInIndex = 0; path = Pods_RewardMe.framework; sourceTree = BUILT_PRODUCTS_DIR; };
		E63255D82C32A7181B7C6480 /* Pods-RewardMe.debug.xcconfig */ = {isa = PBXFileReference; includeInIndex = 1; lastKnownFileType = text.xcconfig; name = "Pods-RewardMe.debug.xcconfig"; path = "Pods/Target Support Files/Pods-RewardMe/Pods-RewardMe.debug.xcconfig"; sourceTree = "<group>"; };
		FB1EB6641DE3FAA300D80AF4 /* Organization.swift */ = {isa = PBXFileReference; fileEncoding = 4; lastKnownFileType = sourcecode.swift; path = Organization.swift; sourceTree = "<group>"; };
		FB1EE25F1DDE74C600C9D3B5 /* RewardMe.entitlements */ = {isa = PBXFileReference; lastKnownFileType = text.plist.entitlements; path = RewardMe.entitlements; sourceTree = "<group>"; };
		FB1EE2601DDE806500C9D3B5 /* RewardMe-Bridging-Header.h */ = {isa = PBXFileReference; lastKnownFileType = sourcecode.c.h; path = "RewardMe-Bridging-Header.h"; sourceTree = "<group>"; };
		FB1EE2641DDE8D9000C9D3B5 /* Base */ = {isa = PBXFileReference; lastKnownFileType = file.storyboard; name = Base; path = Base.lproj/Main.storyboard; sourceTree = "<group>"; };
		FB26D0A91DDA81FC00C355ED /* ForgotPasswordViewController.swift */ = {isa = PBXFileReference; fileEncoding = 4; lastKnownFileType = sourcecode.swift; path = ForgotPasswordViewController.swift; sourceTree = "<group>"; };
		FB7993DD1DCA776B00F93450 /* LoginViewController.swift */ = {isa = PBXFileReference; fileEncoding = 4; lastKnownFileType = sourcecode.swift; path = LoginViewController.swift; sourceTree = "<group>"; };
		FB7993DF1DCA7DBF00F93450 /* SignupViewController.swift */ = {isa = PBXFileReference; fileEncoding = 4; lastKnownFileType = sourcecode.swift; path = SignupViewController.swift; sourceTree = "<group>"; };
		FB7F3EF31DE521A10071AE14 /* DetallesViewController.swift */ = {isa = PBXFileReference; fileEncoding = 4; lastKnownFileType = sourcecode.swift; path = DetallesViewController.swift; sourceTree = "<group>"; };
		FB80D2F81DE3BED400A21357 /* AgregaRecompensaViewController.swift */ = {isa = PBXFileReference; fileEncoding = 4; lastKnownFileType = sourcecode.swift; path = AgregaRecompensaViewController.swift; sourceTree = "<group>"; };
		FBA0D9751DCBFD1A000F395F /* AppViewController.swift */ = {isa = PBXFileReference; fileEncoding = 4; lastKnownFileType = sourcecode.swift; path = AppViewController.swift; sourceTree = "<group>"; };
		FBAD8E6C1DCA6CDA00021B8A /* RewardMe.app */ = {isa = PBXFileReference; explicitFileType = wrapper.application; includeInIndex = 0; path = RewardMe.app; sourceTree = BUILT_PRODUCTS_DIR; };
		FBAD8E6F1DCA6CDA00021B8A /* AppDelegate.swift */ = {isa = PBXFileReference; lastKnownFileType = sourcecode.swift; path = AppDelegate.swift; sourceTree = "<group>"; };
		FBAD8E711DCA6CDA00021B8A /* ViewController.swift */ = {isa = PBXFileReference; lastKnownFileType = sourcecode.swift; path = ViewController.swift; sourceTree = "<group>"; };
		FBAD8E761DCA6CDA00021B8A /* Assets.xcassets */ = {isa = PBXFileReference; lastKnownFileType = folder.assetcatalog; path = Assets.xcassets; sourceTree = "<group>"; };
		FBAD8E791DCA6CDA00021B8A /* Base */ = {isa = PBXFileReference; lastKnownFileType = file.storyboard; name = Base; path = Base.lproj/LaunchScreen.storyboard; sourceTree = "<group>"; };
		FBAD8E7B1DCA6CDA00021B8A /* Info.plist */ = {isa = PBXFileReference; lastKnownFileType = text.plist.xml; path = Info.plist; sourceTree = "<group>"; };
		FBAD8E811DCA6E9700021B8A /* GoogleService-Info.plist */ = {isa = PBXFileReference; fileEncoding = 4; lastKnownFileType = text.plist.xml; path = "GoogleService-Info.plist"; sourceTree = "<group>"; };
		FBCF85E51DCBADFF00A47138 /* SettingsViewController.swift */ = {isa = PBXFileReference; fileEncoding = 4; lastKnownFileType = sourcecode.swift; path = SettingsViewController.swift; sourceTree = "<group>"; };
		FBCF85E71DCBCD6100A47138 /* AgregaONGViewController.swift */ = {isa = PBXFileReference; fileEncoding = 4; lastKnownFileType = sourcecode.swift; path = AgregaONGViewController.swift; sourceTree = "<group>"; };
/* End PBXFileReference section */

/* Begin PBXFrameworksBuildPhase section */
		FBAD8E691DCA6CDA00021B8A /* Frameworks */ = {
			isa = PBXFrameworksBuildPhase;
			buildActionMask = 2147483647;
			files = (
				391F2ECCB6295AC63000B3A2 /* Pods_RewardMe.framework in Frameworks */,
			);
			runOnlyForDeploymentPostprocessing = 0;
		};
/* End PBXFrameworksBuildPhase section */

/* Begin PBXGroup section */
		5B9CE75C802EEA5490B057B1 /* Pods */ = {
			isa = PBXGroup;
			children = (
				E63255D82C32A7181B7C6480 /* Pods-RewardMe.debug.xcconfig */,
				0390E7DBFC7D7570E3A332CC /* Pods-RewardMe.release.xcconfig */,
			);
			name = Pods;
			sourceTree = "<group>";
		};
		721964A322F369A83EEA8F67 /* Frameworks */ = {
			isa = PBXGroup;
			children = (
				47131A61CCEE255FF9DD6E2A /* Pods_RewardMe.framework */,
			);
			name = Frameworks;
			sourceTree = "<group>";
		};
		FB1EB6631DE3FA7500D80AF4 /* Model */ = {
			isa = PBXGroup;
			children = (
				FB1EB6641DE3FAA300D80AF4 /* Organization.swift */,
			);
			name = Model;
			sourceTree = "<group>";
		};
		FBAD8E631DCA6CDA00021B8A = {
			isa = PBXGroup;
			children = (
				FBAD8E6E1DCA6CDA00021B8A /* RewardMe */,
				FBAD8E6D1DCA6CDA00021B8A /* Products */,
				5B9CE75C802EEA5490B057B1 /* Pods */,
				721964A322F369A83EEA8F67 /* Frameworks */,
			);
			sourceTree = "<group>";
		};
		FBAD8E6D1DCA6CDA00021B8A /* Products */ = {
			isa = PBXGroup;
			children = (
				FBAD8E6C1DCA6CDA00021B8A /* RewardMe.app */,
			);
			name = Products;
			sourceTree = "<group>";
		};
		FBAD8E6E1DCA6CDA00021B8A /* RewardMe */ = {
			isa = PBXGroup;
			children = (
				FB1EB6631DE3FA7500D80AF4 /* Model */,
				FB1EE25F1DDE74C600C9D3B5 /* RewardMe.entitlements */,
				FBAD8E6F1DCA6CDA00021B8A /* AppDelegate.swift */,
				FBAD8E711DCA6CDA00021B8A /* ViewController.swift */,
				FB1EE2631DDE8D9000C9D3B5 /* Main.storyboard */,
				FB80D2F81DE3BED400A21357 /* AgregaRecompensaViewController.swift */,
				FBAD8E811DCA6E9700021B8A /* GoogleService-Info.plist */,
				FB26D0A91DDA81FC00C355ED /* ForgotPasswordViewController.swift */,
				FBA0D9751DCBFD1A000F395F /* AppViewController.swift */,
				FBCF85E71DCBCD6100A47138 /* AgregaONGViewController.swift */,
				FBCF85E51DCBADFF00A47138 /* SettingsViewController.swift */,
				FB7993DF1DCA7DBF00F93450 /* SignupViewController.swift */,
				FB7993DD1DCA776B00F93450 /* LoginViewController.swift */,
				FBAD8E761DCA6CDA00021B8A /* Assets.xcassets */,
				FBAD8E781DCA6CDA00021B8A /* LaunchScreen.storyboard */,
				FBAD8E7B1DCA6CDA00021B8A /* Info.plist */,
				FB1EE2601DDE806500C9D3B5 /* RewardMe-Bridging-Header.h */,
				FB7F3EF31DE521A10071AE14 /* DetallesViewController.swift */,
			);
			path = RewardMe;
			sourceTree = "<group>";
		};
/* End PBXGroup section */

/* Begin PBXNativeTarget section */
		FBAD8E6B1DCA6CDA00021B8A /* RewardMe */ = {
			isa = PBXNativeTarget;
			buildConfigurationList = FBAD8E7E1DCA6CDA00021B8A /* Build configuration list for PBXNativeTarget "RewardMe" */;
			buildPhases = (
				FBB1C660E8925417AC366C29 /* [CP] Check Pods Manifest.lock */,
				FBAD8E681DCA6CDA00021B8A /* Sources */,
				FBAD8E691DCA6CDA00021B8A /* Frameworks */,
				FBAD8E6A1DCA6CDA00021B8A /* Resources */,
				943325FE2B9652029A3EE29A /* [CP] Embed Pods Frameworks */,
				5D5D6379830C1F0A9914216D /* [CP] Copy Pods Resources */,
			);
			buildRules = (
			);
			dependencies = (
			);
			name = RewardMe;
			productName = RewardMe;
			productReference = FBAD8E6C1DCA6CDA00021B8A /* RewardMe.app */;
			productType = "com.apple.product-type.application";
		};
/* End PBXNativeTarget section */

/* Begin PBXProject section */
		FBAD8E641DCA6CDA00021B8A /* Project object */ = {
			isa = PBXProject;
			attributes = {
				LastSwiftUpdateCheck = 0800;
				LastUpgradeCheck = 0800;
				ORGANIZATIONNAME = alumno;
				TargetAttributes = {
					FBAD8E6B1DCA6CDA00021B8A = {
						CreatedOnToolsVersion = 8.0;
						LastSwiftMigration = 0810;
						ProvisioningStyle = Automatic;
						SystemCapabilities = {
							com.apple.Keychain = {
								enabled = 1;
							};
						};
					};
				};
			};
			buildConfigurationList = FBAD8E671DCA6CDA00021B8A /* Build configuration list for PBXProject "RewardMe" */;
			compatibilityVersion = "Xcode 3.2";
			developmentRegion = English;
			hasScannedForEncodings = 0;
			knownRegions = (
				en,
				Base,
			);
			mainGroup = FBAD8E631DCA6CDA00021B8A;
			productRefGroup = FBAD8E6D1DCA6CDA00021B8A /* Products */;
			projectDirPath = "";
			projectRoot = "";
			targets = (
				FBAD8E6B1DCA6CDA00021B8A /* RewardMe */,
			);
		};
/* End PBXProject section */

/* Begin PBXResourcesBuildPhase section */
		FBAD8E6A1DCA6CDA00021B8A /* Resources */ = {
			isa = PBXResourcesBuildPhase;
			buildActionMask = 2147483647;
			files = (
				FBAD8E7A1DCA6CDA00021B8A /* LaunchScreen.storyboard in Resources */,
				FBAD8E821DCA6E9700021B8A /* GoogleService-Info.plist in Resources */,
				FBAD8E771DCA6CDA00021B8A /* Assets.xcassets in Resources */,
				FB1EE2651DDE8D9000C9D3B5 /* Main.storyboard in Resources */,
			);
			runOnlyForDeploymentPostprocessing = 0;
		};
/* End PBXResourcesBuildPhase section */

/* Begin PBXShellScriptBuildPhase section */
		5D5D6379830C1F0A9914216D /* [CP] Copy Pods Resources */ = {
			isa = PBXShellScriptBuildPhase;
			buildActionMask = 2147483647;
			files = (
			);
			inputPaths = (
			);
			name = "[CP] Copy Pods Resources";
			outputPaths = (
			);
			runOnlyForDeploymentPostprocessing = 0;
			shellPath = /bin/sh;
			shellScript = "\"${SRCROOT}/Pods/Target Support Files/Pods-RewardMe/Pods-RewardMe-resources.sh\"\n";
			showEnvVarsInLog = 0;
		};
		943325FE2B9652029A3EE29A /* [CP] Embed Pods Frameworks */ = {
			isa = PBXShellScriptBuildPhase;
			buildActionMask = 2147483647;
			files = (
			);
			inputPaths = (
			);
			name = "[CP] Embed Pods Frameworks";
			outputPaths = (
			);
			runOnlyForDeploymentPostprocessing = 0;
			shellPath = /bin/sh;
			shellScript = "\"${SRCROOT}/Pods/Target Support Files/Pods-RewardMe/Pods-RewardMe-frameworks.sh\"\n";
			showEnvVarsInLog = 0;
		};
		FBB1C660E8925417AC366C29 /* [CP] Check Pods Manifest.lock */ = {
			isa = PBXShellScriptBuildPhase;
			buildActionMask = 2147483647;
			files = (
			);
			inputPaths = (
			);
			name = "[CP] Check Pods Manifest.lock";
			outputPaths = (
			);
			runOnlyForDeploymentPostprocessing = 0;
			shellPath = /bin/sh;
			shellScript = "diff \"${PODS_ROOT}/../Podfile.lock\" \"${PODS_ROOT}/Manifest.lock\" > /dev/null\nif [ $? != 0 ] ; then\n    # print error to STDERR\n    echo \"error: The sandbox is not in sync with the Podfile.lock. Run 'pod install' or update your CocoaPods installation.\" >&2\n    exit 1\nfi\n";
			showEnvVarsInLog = 0;
		};
/* End PBXShellScriptBuildPhase section */

/* Begin PBXSourcesBuildPhase section */
		FBAD8E681DCA6CDA00021B8A /* Sources */ = {
			isa = PBXSourcesBuildPhase;
			buildActionMask = 2147483647;
			files = (
				FB7993DE1DCA776B00F93450 /* LoginViewController.swift in Sources */,
				FB1EB6651DE3FAA300D80AF4 /* Organization.swift in Sources */,
				FBA0D9761DCBFD1A000F395F /* AppViewController.swift in Sources */,
				FBAD8E721DCA6CDA00021B8A /* ViewController.swift in Sources */,
				FB7993E01DCA7DBF00F93450 /* SignupViewController.swift in Sources */,
				FB26D0AA1DDA81FC00C355ED /* ForgotPasswordViewController.swift in Sources */,
				FB7F3EF41DE521A10071AE14 /* DetallesViewController.swift in Sources */,
				FB80D2F91DE3BED500A21357 /* AgregaRecompensaViewController.swift in Sources */,
				FBCF85E81DCBCD6100A47138 /* AgregaONGViewController.swift in Sources */,
				FBAD8E701DCA6CDA00021B8A /* AppDelegate.swift in Sources */,
				FBCF85E61DCBADFF00A47138 /* SettingsViewController.swift in Sources */,
			);
			runOnlyForDeploymentPostprocessing = 0;
		};
/* End PBXSourcesBuildPhase section */

/* Begin PBXVariantGroup section */
		FB1EE2631DDE8D9000C9D3B5 /* Main.storyboard */ = {
			isa = PBXVariantGroup;
			children = (
				FB1EE2641DDE8D9000C9D3B5 /* Base */,
			);
			name = Main.storyboard;
			sourceTree = "<group>";
		};
		FBAD8E781DCA6CDA00021B8A /* LaunchScreen.storyboard */ = {
			isa = PBXVariantGroup;
			children = (
				FBAD8E791DCA6CDA00021B8A /* Base */,
			);
			name = LaunchScreen.storyboard;
			sourceTree = "<group>";
		};
/* End PBXVariantGroup section */

/* Begin XCBuildConfiguration section */
		FBAD8E7C1DCA6CDA00021B8A /* Debug */ = {
			isa = XCBuildConfiguration;
			buildSettings = {
				ALWAYS_SEARCH_USER_PATHS = NO;
				CLANG_ANALYZER_NONNULL = YES;
				CLANG_CXX_LANGUAGE_STANDARD = "gnu++0x";
				CLANG_CXX_LIBRARY = "libc++";
				CLANG_ENABLE_MODULES = YES;
				CLANG_ENABLE_OBJC_ARC = YES;
				CLANG_WARN_BOOL_CONVERSION = YES;
				CLANG_WARN_CONSTANT_CONVERSION = YES;
				CLANG_WARN_DIRECT_OBJC_ISA_USAGE = YES_ERROR;
				CLANG_WARN_DOCUMENTATION_COMMENTS = YES;
				CLANG_WARN_EMPTY_BODY = YES;
				CLANG_WARN_ENUM_CONVERSION = YES;
				CLANG_WARN_INFINITE_RECURSION = YES;
				CLANG_WARN_INT_CONVERSION = YES;
				CLANG_WARN_OBJC_ROOT_CLASS = YES_ERROR;
				CLANG_WARN_SUSPICIOUS_MOVES = YES;
				CLANG_WARN_UNREACHABLE_CODE = YES;
				CLANG_WARN__DUPLICATE_METHOD_MATCH = YES;
				"CODE_SIGN_IDENTITY[sdk=iphoneos*]" = "iPhone Developer";
				COPY_PHASE_STRIP = NO;
				DEBUG_INFORMATION_FORMAT = dwarf;
				ENABLE_STRICT_OBJC_MSGSEND = YES;
				ENABLE_TESTABILITY = YES;
				GCC_C_LANGUAGE_STANDARD = gnu99;
				GCC_DYNAMIC_NO_PIC = NO;
				GCC_NO_COMMON_BLOCKS = YES;
				GCC_OPTIMIZATION_LEVEL = 0;
				GCC_PREPROCESSOR_DEFINITIONS = (
					"DEBUG=1",
					"$(inherited)",
				);
				GCC_WARN_64_TO_32_BIT_CONVERSION = YES;
				GCC_WARN_ABOUT_RETURN_TYPE = YES_ERROR;
				GCC_WARN_UNDECLARED_SELECTOR = YES;
				GCC_WARN_UNINITIALIZED_AUTOS = YES_AGGRESSIVE;
				GCC_WARN_UNUSED_FUNCTION = YES;
				GCC_WARN_UNUSED_VARIABLE = YES;
				IPHONEOS_DEPLOYMENT_TARGET = 10.0;
				MTL_ENABLE_DEBUG_INFO = YES;
				ONLY_ACTIVE_ARCH = YES;
				SDKROOT = iphoneos;
				SWIFT_ACTIVE_COMPILATION_CONDITIONS = DEBUG;
				SWIFT_OPTIMIZATION_LEVEL = "-Onone";
			};
			name = Debug;
		};
		FBAD8E7D1DCA6CDA00021B8A /* Release */ = {
			isa = XCBuildConfiguration;
			buildSettings = {
				ALWAYS_SEARCH_USER_PATHS = NO;
				CLANG_ANALYZER_NONNULL = YES;
				CLANG_CXX_LANGUAGE_STANDARD = "gnu++0x";
				CLANG_CXX_LIBRARY = "libc++";
				CLANG_ENABLE_MODULES = YES;
				CLANG_ENABLE_OBJC_ARC = YES;
				CLANG_WARN_BOOL_CONVERSION = YES;
				CLANG_WARN_CONSTANT_CONVERSION = YES;
				CLANG_WARN_DIRECT_OBJC_ISA_USAGE = YES_ERROR;
				CLANG_WARN_DOCUMENTATION_COMMENTS = YES;
				CLANG_WARN_EMPTY_BODY = YES;
				CLANG_WARN_ENUM_CONVERSION = YES;
				CLANG_WARN_INFINITE_RECURSION = YES;
				CLANG_WARN_INT_CONVERSION = YES;
				CLANG_WARN_OBJC_ROOT_CLASS = YES_ERROR;
				CLANG_WARN_SUSPICIOUS_MOVES = YES;
				CLANG_WARN_UNREACHABLE_CODE = YES;
				CLANG_WARN__DUPLICATE_METHOD_MATCH = YES;
				"CODE_SIGN_IDENTITY[sdk=iphoneos*]" = "iPhone Developer";
				COPY_PHASE_STRIP = NO;
				DEBUG_INFORMATION_FORMAT = "dwarf-with-dsym";
				ENABLE_NS_ASSERTIONS = NO;
				ENABLE_STRICT_OBJC_MSGSEND = YES;
				GCC_C_LANGUAGE_STANDARD = gnu99;
				GCC_NO_COMMON_BLOCKS = YES;
				GCC_WARN_64_TO_32_BIT_CONVERSION = YES;
				GCC_WARN_ABOUT_RETURN_TYPE = YES_ERROR;
				GCC_WARN_UNDECLARED_SELECTOR = YES;
				GCC_WARN_UNINITIALIZED_AUTOS = YES_AGGRESSIVE;
				GCC_WARN_UNUSED_FUNCTION = YES;
				GCC_WARN_UNUSED_VARIABLE = YES;
				IPHONEOS_DEPLOYMENT_TARGET = 10.0;
				MTL_ENABLE_DEBUG_INFO = NO;
				SDKROOT = iphoneos;
				SWIFT_OPTIMIZATION_LEVEL = "-Owholemodule";
				VALIDATE_PRODUCT = YES;
			};
			name = Release;
		};
		FBAD8E7F1DCA6CDA00021B8A /* Debug */ = {
			isa = XCBuildConfiguration;
			baseConfigurationReference = E63255D82C32A7181B7C6480 /* Pods-RewardMe.debug.xcconfig */;
			buildSettings = {
				ASSETCATALOG_COMPILER_APPICON_NAME = AppIcon;
				CLANG_ENABLE_MODULES = YES;
				CODE_SIGN_ENTITLEMENTS = RewardMe/RewardMe.entitlements;
				DEVELOPMENT_TEAM = "";
				INFOPLIST_FILE = RewardMe/Info.plist;
				IPHONEOS_DEPLOYMENT_TARGET = 9.0;
				LD_RUNPATH_SEARCH_PATHS = "$(inherited) @executable_path/Frameworks";
				PRODUCT_BUNDLE_IDENTIFIER = DiegoPonce.RewardMe;
				PRODUCT_NAME = "$(TARGET_NAME)";
				SWIFT_OBJC_BRIDGING_HEADER = "RewardMe/RewardMe-Bridging-Header.h";
				SWIFT_OPTIMIZATION_LEVEL = "-Onone";
				SWIFT_VERSION = 3.0;
				TARGETED_DEVICE_FAMILY = 1;
			};
			name = Debug;
		};
		FBAD8E801DCA6CDA00021B8A /* Release */ = {
			isa = XCBuildConfiguration;
			baseConfigurationReference = 0390E7DBFC7D7570E3A332CC /* Pods-RewardMe.release.xcconfig */;
			buildSettings = {
				ASSETCATALOG_COMPILER_APPICON_NAME = AppIcon;
				CLANG_ENABLE_MODULES = YES;
				CODE_SIGN_ENTITLEMENTS = RewardMe/RewardMe.entitlements;
				DEVELOPMENT_TEAM = "";
				INFOPLIST_FILE = RewardMe/Info.plist;
				IPHONEOS_DEPLOYMENT_TARGET = 9.0;
				LD_RUNPATH_SEARCH_PATHS = "$(inherited) @executable_path/Frameworks";
				PRODUCT_BUNDLE_IDENTIFIER = DiegoPonce.RewardMe;
				PRODUCT_NAME = "$(TARGET_NAME)";
				SWIFT_OBJC_BRIDGING_HEADER = "RewardMe/RewardMe-Bridging-Header.h";
				SWIFT_VERSION = 3.0;
				TARGETED_DEVICE_FAMILY = 1;
			};
			name = Release;
		};
/* End XCBuildConfiguration section */

/* Begin XCConfigurationList section */
		FBAD8E671DCA6CDA00021B8A /* Build configuration list for PBXProject "RewardMe" */ = {
			isa = XCConfigurationList;
			buildConfigurations = (
				FBAD8E7C1DCA6CDA00021B8A /* Debug */,
				FBAD8E7D1DCA6CDA00021B8A /* Release */,
			);
			defaultConfigurationIsVisible = 0;
			defaultConfigurationName = Release;
		};
		FBAD8E7E1DCA6CDA00021B8A /* Build configuration list for PBXNativeTarget "RewardMe" */ = {
			isa = XCConfigurationList;
			buildConfigurations = (
				FBAD8E7F1DCA6CDA00021B8A /* Debug */,
				FBAD8E801DCA6CDA00021B8A /* Release */,
			);
			defaultConfigurationIsVisible = 0;
			defaultConfigurationName = Release;
		};
/* End XCConfigurationList section */
	};
	rootObject = FBAD8E641DCA6CDA00021B8A /* Project object */;
}
